// !$*UTF8*$!
{
	archiveVersion = 1;
	classes = {
	};
	objectVersion = 55;
	objects = {

/* Begin PBXBuildFile section */
		BB0122EE29454875001E57C4 /* DecodeAPI.swift in Sources */ = {isa = PBXBuildFile; fileRef = BB0122ED29454875001E57C4 /* DecodeAPI.swift */; };
		BB31853F293B7A2D00F58EEC /* AppDelegate.swift in Sources */ = {isa = PBXBuildFile; fileRef = BB31853E293B7A2D00F58EEC /* AppDelegate.swift */; };
		BB318541293B7A2D00F58EEC /* SceneDelegate.swift in Sources */ = {isa = PBXBuildFile; fileRef = BB318540293B7A2D00F58EEC /* SceneDelegate.swift */; };
		BB318543293B7A2D00F58EEC /* MainTableViewController.swift in Sources */ = {isa = PBXBuildFile; fileRef = BB318542293B7A2D00F58EEC /* MainTableViewController.swift */; };
		BB318546293B7A2D00F58EEC /* Main.storyboard in Resources */ = {isa = PBXBuildFile; fileRef = BB318544293B7A2D00F58EEC /* Main.storyboard */; };
		BB318548293B7A2E00F58EEC /* Assets.xcassets in Resources */ = {isa = PBXBuildFile; fileRef = BB318547293B7A2E00F58EEC /* Assets.xcassets */; };
		BB31854B293B7A2E00F58EEC /* LaunchScreen.storyboard in Resources */ = {isa = PBXBuildFile; fileRef = BB318549293B7A2E00F58EEC /* LaunchScreen.storyboard */; };
		BB5539F42945ED270023E59F /* file.json in Resources */ = {isa = PBXBuildFile; fileRef = BB5539F32945ED270023E59F /* file.json */; };
/* End PBXBuildFile section */

/* Begin PBXFileReference section */
		BB0122ED29454875001E57C4 /* DecodeAPI.swift */ = {isa = PBXFileReference; lastKnownFileType = sourcecode.swift; path = DecodeAPI.swift; sourceTree = "<group>"; };
		BB31853B293B7A2D00F58EEC /* AppNoticias.app */ = {isa = PBXFileReference; explicitFileType = wrapper.application; includeInIndex = 0; path = AppNoticias.app; sourceTree = BUILT_PRODUCTS_DIR; };
		BB31853E293B7A2D00F58EEC /* AppDelegate.swift */ = {isa = PBXFileReference; lastKnownFileType = sourcecode.swift; path = AppDelegate.swift; sourceTree = "<group>"; };
		BB318540293B7A2D00F58EEC /* SceneDelegate.swift */ = {isa = PBXFileReference; lastKnownFileType = sourcecode.swift; path = SceneDelegate.swift; sourceTree = "<group>"; };
		BB318542293B7A2D00F58EEC /* MainTableViewController.swift */ = {isa = PBXFileReference; lastKnownFileType = sourcecode.swift; path = MainTableViewController.swift; sourceTree = "<group>"; };
		BB318545293B7A2D00F58EEC /* Base */ = {isa = PBXFileReference; lastKnownFileType = file.storyboard; name = Base; path = Base.lproj/Main.storyboard; sourceTree = "<group>"; };
		BB318547293B7A2E00F58EEC /* Assets.xcassets */ = {isa = PBXFileReference; lastKnownFileType = folder.assetcatalog; path = Assets.xcassets; sourceTree = "<group>"; };
		BB31854A293B7A2E00F58EEC /* Base */ = {isa = PBXFileReference; lastKnownFileType = file.storyboard; name = Base; path = Base.lproj/LaunchScreen.storyboard; sourceTree = "<group>"; };
		BB31854C293B7A2E00F58EEC /* Info.plist */ = {isa = PBXFileReference; lastKnownFileType = text.plist.xml; path = Info.plist; sourceTree = "<group>"; };
		BB5539F32945ED270023E59F /* file.json */ = {isa = PBXFileReference; lastKnownFileType = text.json; path = file.json; sourceTree = "<group>"; };
/* End PBXFileReference section */

/* Begin PBXFrameworksBuildPhase section */
		BB318538293B7A2D00F58EEC /* Frameworks */ = {
			isa = PBXFrameworksBuildPhase;
			buildActionMask = 2147483647;
			files = (
			);
			runOnlyForDeploymentPostprocessing = 0;
		};
/* End PBXFrameworksBuildPhase section */

/* Begin PBXGroup section */
		BB318532293B7A2D00F58EEC = {
			isa = PBXGroup;
			children = (
				BB31853D293B7A2D00F58EEC /* AppNoticias */,
				BB31853C293B7A2D00F58EEC /* Products */,
			);
			sourceTree = "<group>";
		};
		BB31853C293B7A2D00F58EEC /* Products */ = {
			isa = PBXGroup;
			children = (
				BB31853B293B7A2D00F58EEC /* AppNoticias.app */,
			);
			name = Products;
			sourceTree = "<group>";
		};
		BB31853D293B7A2D00F58EEC /* AppNoticias */ = {
			isa = PBXGroup;
			children = (
				BB31853E293B7A2D00F58EEC /* AppDelegate.swift */,
				BB318540293B7A2D00F58EEC /* SceneDelegate.swift */,
				BB318542293B7A2D00F58EEC /* MainTableViewController.swift */,
				BB318544293B7A2D00F58EEC /* Main.storyboard */,
				BB318547293B7A2E00F58EEC /* Assets.xcassets */,
				BB318549293B7A2E00F58EEC /* LaunchScreen.storyboard */,
				BB31854C293B7A2E00F58EEC /* Info.plist */,
				BB0122ED29454875001E57C4 /* DecodeAPI.swift */,
				BB5539F32945ED270023E59F /* file.json */,
			);
			path = AppNoticias;
			sourceTree = "<group>";
		};
/* End PBXGroup section */

/* Begin PBXNativeTarget section */
		BB31853A293B7A2D00F58EEC /* AppNoticias */ = {
			isa = PBXNativeTarget;
			buildConfigurationList = BB31854F293B7A2E00F58EEC /* Build configuration list for PBXNativeTarget "AppNoticias" */;
			buildPhases = (
				BB318537293B7A2D00F58EEC /* Sources */,
				BB318538293B7A2D00F58EEC /* Frameworks */,
				BB318539293B7A2D00F58EEC /* Resources */,
			);
			buildRules = (
			);
			dependencies = (
			);
			name = AppNoticias;
			productName = AppNoticias;
			productReference = BB31853B293B7A2D00F58EEC /* AppNoticias.app */;
			productType = "com.apple.product-type.application";
		};
/* End PBXNativeTarget section */

/* Begin PBXProject section */
		BB318533293B7A2D00F58EEC /* Project object */ = {
			isa = PBXProject;
			attributes = {
				BuildIndependentTargetsInParallel = 1;
				LastSwiftUpdateCheck = 1320;
				LastUpgradeCheck = 1320;
				TargetAttributes = {
					BB31853A293B7A2D00F58EEC = {
						CreatedOnToolsVersion = 13.2.1;
					};
				};
			};
			buildConfigurationList = BB318536293B7A2D00F58EEC /* Build configuration list for PBXProject "AppNoticias" */;
			compatibilityVersion = "Xcode 13.0";
			developmentRegion = en;
			hasScannedForEncodings = 0;
			knownRegions = (
				en,
				Base,
			);
			mainGroup = BB318532293B7A2D00F58EEC;
			productRefGroup = BB31853C293B7A2D00F58EEC /* Products */;
			projectDirPath = "";
			projectRoot = "";
			targets = (
				BB31853A293B7A2D00F58EEC /* AppNoticias */,
			);
		};
/* End PBXProject section */

/* Begin PBXResourcesBuildPhase section */
		BB318539293B7A2D00F58EEC /* Resources */ = {
			isa = PBXResourcesBuildPhase;
			buildActionMask = 2147483647;
			files = (
				BB31854B293B7A2E00F58EEC /* LaunchScreen.storyboard in Resources */,
				BB5539F42945ED270023E59F /* file.json in Resources */,
				BB318548293B7A2E00F58EEC /* Assets.xcassets in Resources */,
				BB318546293B7A2D00F58EEC /* Main.storyboard in Resources */,
			);
			runOnlyForDeploymentPostprocessing = 0;
		};
/* End PBXResourcesBuildPhase section */

/* Begin PBXSourcesBuildPhase section */
		BB318537293B7A2D00F58EEC /* Sources */ = {
			isa = PBXSourcesBuildPhase;
			buildActionMask = 2147483647;
			files = (
				BB0122EE29454875001E57C4 /* DecodeAPI.swift in Sources */,
				BB318543293B7A2D00F58EEC /* MainTableViewController.swift in Sources */,
				BB31853F293B7A2D00F58EEC /* AppDelegate.swift in Sources */,
				BB318541293B7A2D00F58EEC /* SceneDelegate.swift in Sources */,
			);
			runOnlyForDeploymentPostprocessing = 0;
		};
/* End PBXSourcesBuildPhase section */

/* Begin PBXVariantGroup section */
		BB318544293B7A2D00F58EEC /* Main.storyboard */ = {
			isa = PBXVariantGroup;
			children = (
				BB318545293B7A2D00F58EEC /* Base */,
			);
			name = Main.storyboard;
			sourceTree = "<group>";
		};
		BB318549293B7A2E00F58EEC /* LaunchScreen.storyboard */ = {
			isa = PBXVariantGroup;
			children = (
				BB31854A293B7A2E00F58EEC /* Base */,
			);
			name = LaunchScreen.storyboard;
			sourceTree = "<group>";
		};
/* End PBXVariantGroup section */

/* Begin XCBuildConfiguration section */
		BB31854D293B7A2E00F58EEC /* Debug */ = {
			isa = XCBuildConfiguration;
			buildSettings = {
				ALWAYS_SEARCH_USER_PATHS = NO;
				CLANG_ANALYZER_NONNULL = YES;
				CLANG_ANALYZER_NUMBER_OBJECT_CONVERSION = YES_AGGRESSIVE;
				CLANG_CXX_LANGUAGE_STANDARD = "gnu++17";
				CLANG_CXX_LIBRARY = "libc++";
				CLANG_ENABLE_MODULES = YES;
				CLANG_ENABLE_OBJC_ARC = YES;
				CLANG_ENABLE_OBJC_WEAK = YES;
				CLANG_WARN_BLOCK_CAPTURE_AUTORELEASING = YES;
				CLANG_WARN_BOOL_CONVERSION = YES;
				CLANG_WARN_COMMA = YES;
				CLANG_WARN_CONSTANT_CONVERSION = YES;
				CLANG_WARN_DEPRECATED_OBJC_IMPLEMENTATIONS = YES;
				CLANG_WARN_DIRECT_OBJC_ISA_USAGE = YES_ERROR;
				CLANG_WARN_DOCUMENTATION_COMMENTS = YES;
				CLANG_WARN_EMPTY_BODY = YES;
				CLANG_WARN_ENUM_CONVERSION = YES;
				CLANG_WARN_INFINITE_RECURSION = YES;
				CLANG_WARN_INT_CONVERSION = YES;
				CLANG_WARN_NON_LITERAL_NULL_CONVERSION = YES;
				CLANG_WARN_OBJC_IMPLICIT_RETAIN_SELF = YES;
				CLANG_WARN_OBJC_LITERAL_CONVERSION = YES;
				CLANG_WARN_OBJC_ROOT_CLASS = YES_ERROR;
				CLANG_WARN_QUOTED_INCLUDE_IN_FRAMEWORK_HEADER = YES;
				CLANG_WARN_RANGE_LOOP_ANALYSIS = YES;
				CLANG_WARN_STRICT_PROTOTYPES = YES;
				CLANG_WARN_SUSPICIOUS_MOVE = YES;
				CLANG_WARN_UNGUARDED_AVAILABILITY = YES_AGGRESSIVE;
				CLANG_WARN_UNREACHABLE_CODE = YES;
				CLANG_WARN__DUPLICATE_METHOD_MATCH = YES;
				COPY_PHASE_STRIP = NO;
				DEBUG_INFORMATION_FORMAT = dwarf;
				ENABLE_STRICT_OBJC_MSGSEND = YES;
				ENABLE_TESTABILITY = YES;
				GCC_C_LANGUAGE_STANDARD = gnu11;
				GCC_DYNAMIC_NO_PIC = NO;
				GCC_NO_COMMON_BLOCKS = YES;
				GCC_OPTIMIZATION_LEVEL = 0;
				GCC_PREPROCESSOR_DEFINITIONS = (
					"DEBUG=1",
					"$(inherited)",
				);
				GCC_WARN_64_TO_32_BIT_CONVERSION = YES;
				GCC_WARN_ABOUT_RETURN_TYPE = YES_ERROR;
				GCC_WARN_UNDECLARED_SELECTOR = YES;
				GCC_WARN_UNINITIALIZED_AUTOS = YES_AGGRESSIVE;
				GCC_WARN_UNUSED_FUNCTION = YES;
				GCC_WARN_UNUSED_VARIABLE = YES;
				IPHONEOS_DEPLOYMENT_TARGET = 14.0;
				MTL_ENABLE_DEBUG_INFO = INCLUDE_SOURCE;
				MTL_FAST_MATH = YES;
				ONLY_ACTIVE_ARCH = YES;
				SDKROOT = iphoneos;
				SWIFT_ACTIVE_COMPILATION_CONDITIONS = DEBUG;
				SWIFT_OPTIMIZATION_LEVEL = "-Onone";
			};
			name = Debug;
		};
		BB31854E293B7A2E00F58EEC /* Release */ = {
			isa = XCBuildConfiguration;
			buildSettings = {
				ALWAYS_SEARCH_USER_PATHS = NO;
				CLANG_ANALYZER_NONNULL = YES;
				CLANG_ANALYZER_NUMBER_OBJECT_CONVERSION = YES_AGGRESSIVE;
				CLANG_CXX_LANGUAGE_STANDARD = "gnu++17";
				CLANG_CXX_LIBRARY = "libc++";
				CLANG_ENABLE_MODULES = YES;
				CLANG_ENABLE_OBJC_ARC = YES;
				CLANG_ENABLE_OBJC_WEAK = YES;
				CLANG_WARN_BLOCK_CAPTURE_AUTORELEASING = YES;
				CLANG_WARN_BOOL_CONVERSION = YES;
				CLANG_WARN_COMMA = YES;
				CLANG_WARN_CONSTANT_CONVERSION = YES;
				CLANG_WARN_DEPRECATED_OBJC_IMPLEMENTATIONS = YES;
				CLANG_WARN_DIRECT_OBJC_ISA_USAGE = YES_ERROR;
				CLANG_WARN_DOCUMENTATION_COMMENTS = YES;
				CLANG_WARN_EMPTY_BODY = YES;
				CLANG_WARN_ENUM_CONVERSION = YES;
				CLANG_WARN_INFINITE_RECURSION = YES;
				CLANG_WARN_INT_CONVERSION = YES;
				CLANG_WARN_NON_LITERAL_NULL_CONVERSION = YES;
				CLANG_WARN_OBJC_IMPLICIT_RETAIN_SELF = YES;
				CLANG_WARN_OBJC_LITERAL_CONVERSION = YES;
				CLANG_WARN_OBJC_ROOT_CLASS = YES_ERROR;
				CLANG_WARN_QUOTED_INCLUDE_IN_FRAMEWORK_HEADER = YES;
				CLANG_WARN_RANGE_LOOP_ANALYSIS = YES;
				CLANG_WARN_STRICT_PROTOTYPES = YES;
				CLANG_WARN_SUSPICIOUS_MOVE = YES;
				CLANG_WARN_UNGUARDED_AVAILABILITY = YES_AGGRESSIVE;
				CLANG_WARN_UNREACHABLE_CODE = YES;
				CLANG_WARN__DUPLICATE_METHOD_MATCH = YES;
				COPY_PHASE_STRIP = NO;
				DEBUG_INFORMATION_FORMAT = "dwarf-with-dsym";
				ENABLE_NS_ASSERTIONS = NO;
				ENABLE_STRICT_OBJC_MSGSEND = YES;
				GCC_C_LANGUAGE_STANDARD = gnu11;
				GCC_NO_COMMON_BLOCKS = YES;
				GCC_WARN_64_TO_32_BIT_CONVERSION = YES;
				GCC_WARN_ABOUT_RETURN_TYPE = YES_ERROR;
				GCC_WARN_UNDECLARED_SELECTOR = YES;
				GCC_WARN_UNINITIALIZED_AUTOS = YES_AGGRESSIVE;
				GCC_WARN_UNUSED_FUNCTION = YES;
				GCC_WARN_UNUSED_VARIABLE = YES;
				IPHONEOS_DEPLOYMENT_TARGET = 14.0;
				MTL_ENABLE_DEBUG_INFO = NO;
				MTL_FAST_MATH = YES;
				SDKROOT = iphoneos;
				SWIFT_COMPILATION_MODE = wholemodule;
				SWIFT_OPTIMIZATION_LEVEL = "-O";
				VALIDATE_PRODUCT = YES;
			};
			name = Release;
		};
		BB318550293B7A2E00F58EEC /* Debug */ = {
			isa = XCBuildConfiguration;
			buildSettings = {
				ASSETCATALOG_COMPILER_APPICON_NAME = AppIcon;
				ASSETCATALOG_COMPILER_GLOBAL_ACCENT_COLOR_NAME = AccentColor;
				CODE_SIGN_STYLE = Automatic;
				CURRENT_PROJECT_VERSION = 1;
				DEVELOPMENT_TEAM = 5TL6LT54U2;
				GENERATE_INFOPLIST_FILE = YES;
				INFOPLIST_FILE = AppNoticias/Info.plist;
				INFOPLIST_KEY_UIApplicationSupportsIndirectInputEvents = YES;
				INFOPLIST_KEY_UILaunchStoryboardName = LaunchScreen;
				INFOPLIST_KEY_UIMainStoryboardFile = Main;
				INFOPLIST_KEY_UISupportedInterfaceOrientations_iPad = "UIInterfaceOrientationPortrait UIInterfaceOrientationPortraitUpsideDown UIInterfaceOrientationLandscapeLeft UIInterfaceOrientationLandscapeRight";
				INFOPLIST_KEY_UISupportedInterfaceOrientations_iPhone = "UIInterfaceOrientationPortrait UIInterfaceOrientationLandscapeLeft UIInterfaceOrientationLandscapeRight";
				IPHONEOS_DEPLOYMENT_TARGET = 14.0;
				LD_RUNPATH_SEARCH_PATHS = (
					"$(inherited)",
					"@executable_path/Frameworks",
				);
				MARKETING_VERSION = 1.0;
				PRODUCT_BUNDLE_IDENTIFIER = AntunesGean.AppNoticias;
				PRODUCT_NAME = "$(TARGET_NAME)";
				SWIFT_EMIT_LOC_STRINGS = YES;
				SWIFT_VERSION = 5.0;
				TARGETED_DEVICE_FAMILY = "1,2";
			};
			name = Debug;
		};
		BB318551293B7A2E00F58EEC /* Release */ = {
			isa = XCBuildConfiguration;
			buildSettings = {
				ASSETCATALOG_COMPILER_APPICON_NAME = AppIcon;
				ASSETCATALOG_COMPILER_GLOBAL_ACCENT_COLOR_NAME = AccentColor;
				CODE_SIGN_STYLE = Automatic;
				CURRENT_PROJECT_VERSION = 1;
				DEVELOPMENT_TEAM = 5TL6LT54U2;
				GENERATE_INFOPLIST_FILE = YES;
				INFOPLIST_FILE = AppNoticias/Info.plist;
				INFOPLIST_KEY_UIApplicationSupportsIndirectInputEvents = YES;
				INFOPLIST_KEY_UILaunchStoryboardName = LaunchScreen;
				INFOPLIST_KEY_UIMainStoryboardFile = Main;
				INFOPLIST_KEY_UISupportedInterfaceOrientations_iPad = "UIInterfaceOrientationPortrait UIInterfaceOrientationPortraitUpsideDown UIInterfaceOrientationLandscapeLeft UIInterfaceOrientationLandscapeRight";
				INFOPLIST_KEY_UISupportedInterfaceOrientations_iPhone = "UIInterfaceOrientationPortrait UIInterfaceOrientationLandscapeLeft UIInterfaceOrientationLandscapeRight";
				IPHONEOS_DEPLOYMENT_TARGET = 14.0;
				LD_RUNPATH_SEARCH_PATHS = (
					"$(inherited)",
					"@executable_path/Frameworks",
				);
				MARKETING_VERSION = 1.0;
				PRODUCT_BUNDLE_IDENTIFIER = AntunesGean.AppNoticias;
				PRODUCT_NAME = "$(TARGET_NAME)";
				SWIFT_EMIT_LOC_STRINGS = YES;
				SWIFT_VERSION = 5.0;
				TARGETED_DEVICE_FAMILY = "1,2";
			};
			name = Release;
		};
/* End XCBuildConfiguration section */

/* Begin XCConfigurationList section */
		BB318536293B7A2D00F58EEC /* Build configuration list for PBXProject "AppNoticias" */ = {
			isa = XCConfigurationList;
			buildConfigurations = (
				BB31854D293B7A2E00F58EEC /* Debug */,
				BB31854E293B7A2E00F58EEC /* Release */,
			);
			defaultConfigurationIsVisible = 0;
			defaultConfigurationName = Release;
		};
		BB31854F293B7A2E00F58EEC /* Build configuration list for PBXNativeTarget "AppNoticias" */ = {
			isa = XCConfigurationList;
			buildConfigurations = (
				BB318550293B7A2E00F58EEC /* Debug */,
				BB318551293B7A2E00F58EEC /* Release */,
			);
			defaultConfigurationIsVisible = 0;
			defaultConfigurationName = Release;
		};
/* End XCConfigurationList section */
	};
	rootObject = BB318533293B7A2D00F58EEC /* Project object */;
}
